{
  "requires": true,
  "lockfileVersion": 1,
  "dependencies": {
    "onfire.js": {
      "version": "2.0.1",
      "resolved": "https://registry.npmjs.org/onfire.js/-/onfire.js-2.0.1.tgz",
      "integrity": "sha512-Fwl7tXwnzBSwedaJkF3Zx1KKcGyQvpPw8Y8mTu7ZLE+6TMFv2W5TONW3DwDejp8vivXZSlb7dxjlld2jT1YW8Q=="
    },
    "qiniu-js": {
      "version": "2.5.4",
      "resolved": "https://registry.npmjs.org/qiniu-js/-/qiniu-js-2.5.4.tgz",
      "integrity": "sha512-3zx4ZrTB3LEUgEb7LHM75e9OR5E5vLZzB4c1gUMqk40FK0MHFOXA0xEFOwqJvEF03bdT+mcKmHvgVG8Gp6zwew=="
    }
  }
}
